
Microsoft Visual Studio Solution File, Format Version 12.00
# Visual Studio Version 16
VisualStudioVersion = 25.0.1706.8
MinimumVisualStudioVersion = 10.0.40219.1
Project("{FAE04EC0-301F-11D3-BF4B-00C04F79EFBC}") = "S1L5 BE", "S1L5 BE\S1L5 BE.csproj", "{2F9EBB07-CF21-4D46-92B5-40E440997D09}"
EndProject
Global
	GlobalSection(SolutionConfigurationPlatforms) = preSolution
		Debug|Any CPU = Debug|Any CPU
		Release|Any CPU = Release|Any CPU
	EndGlobalSection
	GlobalSection(ProjectConfigurationPlatforms) = postSolution
		{2F9EBB07-CF21-4D46-92B5-40E440997D09}.Debug|Any CPU.ActiveCfg = Debug|Any CPU
		{2F9EBB07-CF21-4D46-92B5-40E440997D09}.Debug|Any CPU.Build.0 = Debug|Any CPU
		{2F9EBB07-CF21-4D46-92B5-40E440997D09}.Release|Any CPU.ActiveCfg = Release|Any CPU
		{2F9EBB07-CF21-4D46-92B5-40E440997D09}.Release|Any CPU.Build.0 = Release|Any CPU
	EndGlobalSection
	GlobalSection(SolutionProperties) = preSolution
		HideSolutionNode = FALSE
	EndGlobalSection
	GlobalSection(ExtensibilityGlobals) = postSolution
		SolutionGuid = {19FD4342-7DC7-419E-8C6D-8000BBD1DDB4}
	EndGlobalSection
EndGlobal
